
Microsoft Visual Studio Solution File, Format Version 12.00
# Visual Studio 15
VisualStudioVersion = 15.0.28010.2041
MinimumVisualStudioVersion = 10.0.40219.1
Project("{FAE04EC0-301F-11D3-BF4B-00C04F79EFBC}") = "ImageProcessing", "ImageProcessing\ImageProcessing.csproj", "{F6DC36B2-D76C-45F7-B6E2-F467AB23ED01}"
EndProject
Project("{FAE04EC0-301F-11D3-BF4B-00C04F79EFBC}") = "ImageProcessing.Tests", "ImageProcessing.Tests\ImageProcessing.Tests.csproj", "{A42786C9-1B37-43EB-BF0B-662090158719}"
EndProject
Global
	GlobalSection(SolutionConfigurationPlatforms) = preSolution
		Debug|Any CPU = Debug|Any CPU
		Release|Any CPU = Release|Any CPU
	EndGlobalSection
	GlobalSection(ProjectConfigurationPlatforms) = postSolution
		{F6DC36B2-D76C-45F7-B6E2-F467AB23ED01}.Debug|Any CPU.ActiveCfg = Debug|Any CPU
		{F6DC36B2-D76C-45F7-B6E2-F467AB23ED01}.Debug|Any CPU.Build.0 = Debug|Any CPU
		{F6DC36B2-D76C-45F7-B6E2-F467AB23ED01}.Release|Any CPU.ActiveCfg = Release|Any CPU
		{F6DC36B2-D76C-45F7-B6E2-F467AB23ED01}.Release|Any CPU.Build.0 = Release|Any CPU
		{A42786C9-1B37-43EB-BF0B-662090158719}.Debug|Any CPU.ActiveCfg = Debug|Any CPU
		{A42786C9-1B37-43EB-BF0B-662090158719}.Debug|Any CPU.Build.0 = Debug|Any CPU
		{A42786C9-1B37-43EB-BF0B-662090158719}.Release|Any CPU.ActiveCfg = Release|Any CPU
		{A42786C9-1B37-43EB-BF0B-662090158719}.Release|Any CPU.Build.0 = Release|Any CPU
	EndGlobalSection
	GlobalSection(SolutionProperties) = preSolution
		HideSolutionNode = FALSE
	EndGlobalSection
	GlobalSection(ExtensibilityGlobals) = postSolution
		SolutionGuid = {14311549-1371-4323-82A2-EBE7E670C9E6}
	EndGlobalSection
EndGlobal
